// !$*UTF8*$!
{
	archiveVersion = 1;
	classes = {
	};
	objectVersion = 46;
	objects = {

/* Begin PBXBuildFile section */
		4954F23B1E06EF8D005B5739 /* main.cpp in Sources */ = {isa = PBXBuildFile; fileRef = 4954F23A1E06EF8D005B5739 /* main.cpp */; };
		4954F2431E06F459005B5739 /* OpenGL.framework in Frameworks */ = {isa = PBXBuildFile; fileRef = 4954F2421E06F459005B5739 /* OpenGL.framework */; };
		4954F2451E06F47C005B5739 /* libglfw.dylib in Frameworks */ = {isa = PBXBuildFile; fileRef = 4954F2441E06F47C005B5739 /* libglfw.dylib */; };
/* End PBXBuildFile section */

/* Begin PBXCopyFilesBuildPhase section */
		4954F2351E06EF8D005B5739 /* CopyFiles */ = {
			isa = PBXCopyFilesBuildPhase;
			buildActionMask = 2147483647;
			dstPath = /usr/share/man/man1/;
			dstSubfolderSpec = 0;
			files = (
			);
			runOnlyForDeploymentPostprocessing = 1;
		};
/* End PBXCopyFilesBuildPhase section */

/* Begin PBXFileReference section */
		4900D17E1E0A72D000F92EBD /* GLCamera.h */ = {isa = PBXFileReference; fileEncoding = 4; lastKnownFileType = sourcecode.c.h; name = GLCamera.h; path = ../include/GLCamera.h; sourceTree = "<group>"; };
		4900D17F1E0A72D000F92EBD /* GLMaterial.h */ = {isa = PBXFileReference; fileEncoding = 4; lastKnownFileType = sourcecode.c.h; name = GLMaterial.h; path = ../include/GLMaterial.h; sourceTree = "<group>"; };
		4900D1801E0A72D000F92EBD /* GLObject.h */ = {isa = PBXFileReference; fileEncoding = 4; lastKnownFileType = sourcecode.c.h; name = GLObject.h; path = ../include/GLObject.h; sourceTree = "<group>"; };
		4900D1811E0A72D000F92EBD /* GLScene.h */ = {isa = PBXFileReference; fileEncoding = 4; lastKnownFileType = sourcecode.c.h; name = GLScene.h; path = ../include/GLScene.h; sourceTree = "<group>"; };
		4900D1821E0A72D000F92EBD /* GLShader.h */ = {isa = PBXFileReference; fileEncoding = 4; lastKnownFileType = sourcecode.c.h; name = GLShader.h; path = ../include/GLShader.h; sourceTree = "<group>"; };
		4900D1831E0A72D000F92EBD /* GLTexture.h */ = {isa = PBXFileReference; fileEncoding = 4; lastKnownFileType = sourcecode.c.h; name = GLTexture.h; path = ../include/GLTexture.h; sourceTree = "<group>"; };
		4900D1841E0A72D000F92EBD /* GLUniform.h */ = {isa = PBXFileReference; fileEncoding = 4; lastKnownFileType = sourcecode.c.h; name = GLUniform.h; path = ../include/GLUniform.h; sourceTree = "<group>"; };
		4900D1851E0A72D000F92EBD /* GLUtility.h */ = {isa = PBXFileReference; fileEncoding = 4; lastKnownFileType = sourcecode.c.h; name = GLUtility.h; path = ../include/GLUtility.h; sourceTree = "<group>"; };
		4900D1861E0A72D000F92EBD /* GLVertexAttribute.h */ = {isa = PBXFileReference; fileEncoding = 4; lastKnownFileType = sourcecode.c.h; name = GLVertexAttribute.h; path = ../include/GLVertexAttribute.h; sourceTree = "<group>"; };
		4900D1881E0AD89200F92EBD /* GLStandardMaterial.h */ = {isa = PBXFileReference; lastKnownFileType = sourcecode.c.h; name = GLStandardMaterial.h; path = ../include/materials/GLStandardMaterial.h; sourceTree = "<group>"; };
		4900D1891E0AD92900F92EBD /* GLFlatMaterial.h */ = {isa = PBXFileReference; lastKnownFileType = sourcecode.c.h; name = GLFlatMaterial.h; path = ../include/materials/GLFlatMaterial.h; sourceTree = "<group>"; };
		4900D18A1E0B224700F92EBD /* GLTextureMaterial.h */ = {isa = PBXFileReference; lastKnownFileType = sourcecode.c.h; name = GLTextureMaterial.h; path = ../include/materials/GLTextureMaterial.h; sourceTree = "<group>"; };
		4900D18B1E0B22DE00F92EBD /* GLSkyboxMaterial.h */ = {isa = PBXFileReference; lastKnownFileType = sourcecode.c.h; name = GLSkyboxMaterial.h; path = ../include/materials/GLSkyboxMaterial.h; sourceTree = "<group>"; };
		4900D18F1E0C57BF00F92EBD /* flat.geom */ = {isa = PBXFileReference; fileEncoding = 4; lastKnownFileType = sourcecode.glsl; name = flat.geom; path = ../shaders/flat.geom; sourceTree = "<group>"; };
		4900D1901E0C57BF00F92EBD /* gouraud.frag */ = {isa = PBXFileReference; fileEncoding = 4; lastKnownFileType = sourcecode.glsl; name = gouraud.frag; path = ../shaders/gouraud.frag; sourceTree = "<group>"; };
		4900D1911E0C57BF00F92EBD /* gouraud.vert */ = {isa = PBXFileReference; fileEncoding = 4; lastKnownFileType = sourcecode.glsl; name = gouraud.vert; path = ../shaders/gouraud.vert; sourceTree = "<group>"; };
		4900D1921E0C57BF00F92EBD /* particle.geom */ = {isa = PBXFileReference; fileEncoding = 4; lastKnownFileType = sourcecode.glsl; name = particle.geom; path = ../shaders/particle.geom; sourceTree = "<group>"; };
		4900D1931E0C57BF00F92EBD /* phong.frag */ = {isa = PBXFileReference; fileEncoding = 4; lastKnownFileType = sourcecode.glsl; name = phong.frag; path = ../shaders/phong.frag; sourceTree = "<group>"; };
		4900D1941E0C57BF00F92EBD /* phong.vert */ = {isa = PBXFileReference; fileEncoding = 4; lastKnownFileType = sourcecode.glsl; name = phong.vert; path = ../shaders/phong.vert; sourceTree = "<group>"; };
		4900D1951E0C57BF00F92EBD /* pre_geom.vert */ = {isa = PBXFileReference; fileEncoding = 4; lastKnownFileType = sourcecode.glsl; name = pre_geom.vert; path = ../shaders/pre_geom.vert; sourceTree = "<group>"; };
		4900D1961E0C57BF00F92EBD /* skybox.frag */ = {isa = PBXFileReference; fileEncoding = 4; lastKnownFileType = sourcecode.glsl; name = skybox.frag; path = ../shaders/skybox.frag; sourceTree = "<group>"; };
		4900D1971E0C57BF00F92EBD /* skybox.vert */ = {isa = PBXFileReference; fileEncoding = 4; lastKnownFileType = sourcecode.glsl; name = skybox.vert; path = ../shaders/skybox.vert; sourceTree = "<group>"; };
		4900D1981E0C57BF00F92EBD /* texture.frag */ = {isa = PBXFileReference; fileEncoding = 4; lastKnownFileType = sourcecode.glsl; name = texture.frag; path = ../shaders/texture.frag; sourceTree = "<group>"; };
		4900D1991E0C57BF00F92EBD /* texture.vert */ = {isa = PBXFileReference; fileEncoding = 4; lastKnownFileType = sourcecode.glsl; name = texture.vert; path = ../shaders/texture.vert; sourceTree = "<group>"; };
		4900D19B1E0DC4FB00F92EBD /* Attribute.h */ = {isa = PBXFileReference; fileEncoding = 4; lastKnownFileType = sourcecode.c.h; name = Attribute.h; path = ../../Mesh/include/Attribute.h; sourceTree = "<group>"; };
		4900D19C1E0DC4FB00F92EBD /* ID.h */ = {isa = PBXFileReference; fileEncoding = 4; lastKnownFileType = sourcecode.c.h; name = ID.h; path = ../../Mesh/include/ID.h; sourceTree = "<group>"; };
		4900D19D1E0DC4FB00F92EBD /* Mesh.h */ = {isa = PBXFileReference; fileEncoding = 4; lastKnownFileType = sourcecode.c.h; name = Mesh.h; path = ../../Mesh/include/Mesh.h; sourceTree = "<group>"; };
		4900D19E1E0DC4FB00F92EBD /* MeshCreator.h */ = {isa = PBXFileReference; fileEncoding = 4; lastKnownFileType = sourcecode.c.h; name = MeshCreator.h; path = ../../Mesh/include/MeshCreator.h; sourceTree = "<group>"; };
		4900D19F1E0DC4FB00F92EBD /* Property.h */ = {isa = PBXFileReference; fileEncoding = 4; lastKnownFileType = sourcecode.c.h; name = Property.h; path = ../../Mesh/include/Property.h; sourceTree = "<group>"; };
		4954F2371E06EF8D005B5739 /* GLEngineExample1 */ = {isa = PBXFileReference; explicitFileType = "compiled.mach-o.executable"; includeInIndex = 0; path = GLEngineExample1; sourceTree = BUILT_PRODUCTS_DIR; };
		4954F23A1E06EF8D005B5739 /* main.cpp */ = {isa = PBXFileReference; lastKnownFileType = sourcecode.cpp.cpp; path = main.cpp; sourceTree = "<group>"; };
		4954F2421E06F459005B5739 /* OpenGL.framework */ = {isa = PBXFileReference; lastKnownFileType = wrapper.framework; name = OpenGL.framework; path = System/Library/Frameworks/OpenGL.framework; sourceTree = SDKROOT; };
		4954F2441E06F47C005B5739 /* libglfw.dylib */ = {isa = PBXFileReference; lastKnownFileType = "compiled.mach-o.dylib"; name = libglfw.dylib; path = ../../../../../opt/local/lib/libglfw.dylib; sourceTree = "<group>"; };
/* End PBXFileReference section */

/* Begin PBXFrameworksBuildPhase section */
		4954F2341E06EF8D005B5739 /* Frameworks */ = {
			isa = PBXFrameworksBuildPhase;
			buildActionMask = 2147483647;
			files = (
				4954F2451E06F47C005B5739 /* libglfw.dylib in Frameworks */,
				4954F2431E06F459005B5739 /* OpenGL.framework in Frameworks */,
			);
			runOnlyForDeploymentPostprocessing = 0;
		};
/* End PBXFrameworksBuildPhase section */

/* Begin PBXGroup section */
		4900D17D1E0A72A600F92EBD /* GLEngine */ = {
			isa = PBXGroup;
			children = (
				4900D17E1E0A72D000F92EBD /* GLCamera.h */,
				4900D17F1E0A72D000F92EBD /* GLMaterial.h */,
				4900D1801E0A72D000F92EBD /* GLObject.h */,
				4900D1811E0A72D000F92EBD /* GLScene.h */,
				4900D1821E0A72D000F92EBD /* GLShader.h */,
				4900D1831E0A72D000F92EBD /* GLTexture.h */,
				4900D1841E0A72D000F92EBD /* GLUniform.h */,
				4900D1851E0A72D000F92EBD /* GLUtility.h */,
				4900D1861E0A72D000F92EBD /* GLVertexAttribute.h */,
			);
			name = GLEngine;
			sourceTree = "<group>";
		};
		4900D1871E0AD83800F92EBD /* Materials */ = {
			isa = PBXGroup;
			children = (
				4900D1881E0AD89200F92EBD /* GLStandardMaterial.h */,
				4900D1891E0AD92900F92EBD /* GLFlatMaterial.h */,
				4900D18A1E0B224700F92EBD /* GLTextureMaterial.h */,
				4900D18B1E0B22DE00F92EBD /* GLSkyboxMaterial.h */,
			);
			name = Materials;
			sourceTree = "<group>";
		};
		4900D18E1E0C57A600F92EBD /* Shaders */ = {
			isa = PBXGroup;
			children = (
				4900D18F1E0C57BF00F92EBD /* flat.geom */,
				4900D1901E0C57BF00F92EBD /* gouraud.frag */,
				4900D1911E0C57BF00F92EBD /* gouraud.vert */,
				4900D1921E0C57BF00F92EBD /* particle.geom */,
				4900D1931E0C57BF00F92EBD /* phong.frag */,
				4900D1941E0C57BF00F92EBD /* phong.vert */,
				4900D1951E0C57BF00F92EBD /* pre_geom.vert */,
				4900D1961E0C57BF00F92EBD /* skybox.frag */,
				4900D1971E0C57BF00F92EBD /* skybox.vert */,
				4900D1981E0C57BF00F92EBD /* texture.frag */,
				4900D1991E0C57BF00F92EBD /* texture.vert */,
			);
			name = Shaders;
			sourceTree = "<group>";
		};
		4900D19A1E0DC4DE00F92EBD /* Mesh */ = {
			isa = PBXGroup;
			children = (
				4900D19B1E0DC4FB00F92EBD /* Attribute.h */,
				4900D19C1E0DC4FB00F92EBD /* ID.h */,
				4900D19D1E0DC4FB00F92EBD /* Mesh.h */,
				4900D19E1E0DC4FB00F92EBD /* MeshCreator.h */,
				4900D19F1E0DC4FB00F92EBD /* Property.h */,
			);
			name = Mesh;
			sourceTree = "<group>";
		};
		4954F22E1E06EF8D005B5739 = {
			isa = PBXGroup;
			children = (
				4954F2441E06F47C005B5739 /* libglfw.dylib */,
				4900D19A1E0DC4DE00F92EBD /* Mesh */,
				4900D17D1E0A72A600F92EBD /* GLEngine */,
				4900D18E1E0C57A600F92EBD /* Shaders */,
				4900D1871E0AD83800F92EBD /* Materials */,
				4954F2391E06EF8D005B5739 /* GLEngineExample1 */,
				4954F2381E06EF8D005B5739 /* Products */,
				4954F2411E06F459005B5739 /* Frameworks */,
			);
			sourceTree = "<group>";
		};
		4954F2381E06EF8D005B5739 /* Products */ = {
			isa = PBXGroup;
			children = (
				4954F2371E06EF8D005B5739 /* GLEngineExample1 */,
			);
			name = Products;
			sourceTree = "<group>";
		};
		4954F2391E06EF8D005B5739 /* GLEngineExample1 */ = {
			isa = PBXGroup;
			children = (
				4954F23A1E06EF8D005B5739 /* main.cpp */,
			);
			path = GLEngineExample1;
			sourceTree = "<group>";
		};
		4954F2411E06F459005B5739 /* Frameworks */ = {
			isa = PBXGroup;
			children = (
				4954F2421E06F459005B5739 /* OpenGL.framework */,
			);
			name = Frameworks;
			sourceTree = "<group>";
		};
/* End PBXGroup section */

/* Begin PBXNativeTarget section */
		4954F2361E06EF8D005B5739 /* GLEngineExample1 */ = {
			isa = PBXNativeTarget;
			buildConfigurationList = 4954F23E1E06EF8D005B5739 /* Build configuration list for PBXNativeTarget "GLEngineExample1" */;
			buildPhases = (
				4954F2331E06EF8D005B5739 /* Sources */,
				4954F2341E06EF8D005B5739 /* Frameworks */,
				4954F2351E06EF8D005B5739 /* CopyFiles */,
			);
			buildRules = (
			);
			dependencies = (
			);
			name = GLEngineExample1;
			productName = GLEngineExample1;
			productReference = 4954F2371E06EF8D005B5739 /* GLEngineExample1 */;
			productType = "com.apple.product-type.tool";
		};
/* End PBXNativeTarget section */

/* Begin PBXProject section */
		4954F22F1E06EF8D005B5739 /* Project object */ = {
			isa = PBXProject;
			attributes = {
				LastUpgradeCheck = 0820;
				ORGANIZATIONNAME = "Asger Nyman Christiansen";
				TargetAttributes = {
					4954F2361E06EF8D005B5739 = {
						CreatedOnToolsVersion = 8.1;
						ProvisioningStyle = Automatic;
					};
				};
			};
			buildConfigurationList = 4954F2321E06EF8D005B5739 /* Build configuration list for PBXProject "GLEngineExamples" */;
			compatibilityVersion = "Xcode 3.2";
			developmentRegion = English;
			hasScannedForEncodings = 0;
			knownRegions = (
				en,
			);
			mainGroup = 4954F22E1E06EF8D005B5739;
			productRefGroup = 4954F2381E06EF8D005B5739 /* Products */;
			projectDirPath = "";
			projectRoot = "";
			targets = (
				4954F2361E06EF8D005B5739 /* GLEngineExample1 */,
			);
		};
/* End PBXProject section */

/* Begin PBXSourcesBuildPhase section */
		4954F2331E06EF8D005B5739 /* Sources */ = {
			isa = PBXSourcesBuildPhase;
			buildActionMask = 2147483647;
			files = (
				4954F23B1E06EF8D005B5739 /* main.cpp in Sources */,
			);
			runOnlyForDeploymentPostprocessing = 0;
		};
/* End PBXSourcesBuildPhase section */

/* Begin XCBuildConfiguration section */
		4954F23C1E06EF8D005B5739 /* Debug */ = {
			isa = XCBuildConfiguration;
			buildSettings = {
				ALWAYS_SEARCH_USER_PATHS = NO;
				CLANG_ANALYZER_NONNULL = YES;
				CLANG_CXX_LANGUAGE_STANDARD = "gnu++0x";
				CLANG_CXX_LIBRARY = "libc++";
				CLANG_ENABLE_MODULES = YES;
				CLANG_ENABLE_OBJC_ARC = YES;
				CLANG_WARN_BOOL_CONVERSION = YES;
				CLANG_WARN_CONSTANT_CONVERSION = YES;
				CLANG_WARN_DIRECT_OBJC_ISA_USAGE = YES_ERROR;
				CLANG_WARN_DOCUMENTATION_COMMENTS = YES;
				CLANG_WARN_EMPTY_BODY = YES;
				CLANG_WARN_ENUM_CONVERSION = YES;
				CLANG_WARN_INFINITE_RECURSION = YES;
				CLANG_WARN_INT_CONVERSION = YES;
				CLANG_WARN_OBJC_ROOT_CLASS = YES_ERROR;
				CLANG_WARN_SUSPICIOUS_MOVE = YES;
				CLANG_WARN_SUSPICIOUS_MOVES = YES;
				CLANG_WARN_UNREACHABLE_CODE = YES;
				CLANG_WARN__DUPLICATE_METHOD_MATCH = YES;
				CODE_SIGN_IDENTITY = "-";
				COPY_PHASE_STRIP = NO;
				DEBUG_INFORMATION_FORMAT = dwarf;
				ENABLE_STRICT_OBJC_MSGSEND = YES;
				ENABLE_TESTABILITY = YES;
				GCC_C_LANGUAGE_STANDARD = gnu99;
				GCC_DYNAMIC_NO_PIC = NO;
				GCC_NO_COMMON_BLOCKS = YES;
				GCC_OPTIMIZATION_LEVEL = 0;
				GCC_PREPROCESSOR_DEFINITIONS = (
					"DEBUG=1",
					"$(inherited)",
				);
				GCC_WARN_64_TO_32_BIT_CONVERSION = YES;
				GCC_WARN_ABOUT_RETURN_TYPE = YES_ERROR;
				GCC_WARN_UNDECLARED_SELECTOR = YES;
				GCC_WARN_UNINITIALIZED_AUTOS = YES_AGGRESSIVE;
				GCC_WARN_UNUSED_FUNCTION = YES;
				GCC_WARN_UNUSED_VARIABLE = YES;
				MACOSX_DEPLOYMENT_TARGET = 10.12;
				MTL_ENABLE_DEBUG_INFO = YES;
				ONLY_ACTIVE_ARCH = YES;
				SDKROOT = macosx;
			};
			name = Debug;
		};
		4954F23D1E06EF8D005B5739 /* Release */ = {
			isa = XCBuildConfiguration;
			buildSettings = {
				ALWAYS_SEARCH_USER_PATHS = NO;
				CLANG_ANALYZER_NONNULL = YES;
				CLANG_CXX_LANGUAGE_STANDARD = "gnu++0x";
				CLANG_CXX_LIBRARY = "libc++";
				CLANG_ENABLE_MODULES = YES;
				CLANG_ENABLE_OBJC_ARC = YES;
				CLANG_WARN_BOOL_CONVERSION = YES;
				CLANG_WARN_CONSTANT_CONVERSION = YES;
				CLANG_WARN_DIRECT_OBJC_ISA_USAGE = YES_ERROR;
				CLANG_WARN_DOCUMENTATION_COMMENTS = YES;
				CLANG_WARN_EMPTY_BODY = YES;
				CLANG_WARN_ENUM_CONVERSION = YES;
				CLANG_WARN_INFINITE_RECURSION = YES;
				CLANG_WARN_INT_CONVERSION = YES;
				CLANG_WARN_OBJC_ROOT_CLASS = YES_ERROR;
				CLANG_WARN_SUSPICIOUS_MOVE = YES;
				CLANG_WARN_SUSPICIOUS_MOVES = YES;
				CLANG_WARN_UNREACHABLE_CODE = YES;
				CLANG_WARN__DUPLICATE_METHOD_MATCH = YES;
				CODE_SIGN_IDENTITY = "-";
				COPY_PHASE_STRIP = NO;
				DEBUG_INFORMATION_FORMAT = "dwarf-with-dsym";
				ENABLE_NS_ASSERTIONS = NO;
				ENABLE_STRICT_OBJC_MSGSEND = YES;
				GCC_C_LANGUAGE_STANDARD = gnu99;
				GCC_NO_COMMON_BLOCKS = YES;
				GCC_WARN_64_TO_32_BIT_CONVERSION = YES;
				GCC_WARN_ABOUT_RETURN_TYPE = YES_ERROR;
				GCC_WARN_UNDECLARED_SELECTOR = YES;
				GCC_WARN_UNINITIALIZED_AUTOS = YES_AGGRESSIVE;
				GCC_WARN_UNUSED_FUNCTION = YES;
				GCC_WARN_UNUSED_VARIABLE = YES;
				MACOSX_DEPLOYMENT_TARGET = 10.12;
				MTL_ENABLE_DEBUG_INFO = NO;
				SDKROOT = macosx;
			};
			name = Release;
		};
		4954F23F1E06EF8D005B5739 /* Debug */ = {
			isa = XCBuildConfiguration;
			buildSettings = {
				HEADER_SEARCH_PATHS = /usr/local/include;
				LIBRARY_SEARCH_PATHS = (
					/usr/local/lib,
					/opt/local/lib,
				);
				PRODUCT_NAME = "$(TARGET_NAME)";
				USER_HEADER_SEARCH_PATHS = "/usr/local/include/glm /opt/local/include/GLFW ./../../Mesh/include/ ./../include/";
			};
			name = Debug;
		};
		4954F2401E06EF8D005B5739 /* Release */ = {
			isa = XCBuildConfiguration;
			buildSettings = {
				HEADER_SEARCH_PATHS = /usr/local/include;
				LIBRARY_SEARCH_PATHS = (
					/usr/local/lib,
					/opt/local/lib,
				);
				PRODUCT_NAME = "$(TARGET_NAME)";
				USER_HEADER_SEARCH_PATHS = "/usr/local/include/glm /opt/local/include/GLFW ./../../Mesh/include/ ./../include/";
			};
			name = Release;
		};
/* End XCBuildConfiguration section */

/* Begin XCConfigurationList section */
		4954F2321E06EF8D005B5739 /* Build configuration list for PBXProject "GLEngineExamples" */ = {
			isa = XCConfigurationList;
			buildConfigurations = (
				4954F23C1E06EF8D005B5739 /* Debug */,
				4954F23D1E06EF8D005B5739 /* Release */,
			);
			defaultConfigurationIsVisible = 0;
			defaultConfigurationName = Release;
		};
		4954F23E1E06EF8D005B5739 /* Build configuration list for PBXNativeTarget "GLEngineExample1" */ = {
			isa = XCConfigurationList;
			buildConfigurations = (
				4954F23F1E06EF8D005B5739 /* Debug */,
				4954F2401E06EF8D005B5739 /* Release */,
			);
			defaultConfigurationIsVisible = 0;
			defaultConfigurationName = Release;
		};
/* End XCConfigurationList section */
	};
	rootObject = 4954F22F1E06EF8D005B5739 /* Project object */;
}
